
Microsoft Visual Studio Solution File, Format Version 12.00
Project("{FAE04EC0-301F-11D3-BF4B-00C04F79EFBC}") = "P5Variables", "P5Variables.csproj", "{A6D22694-1C93-44B6-A467-578008B82EC5}"
EndProject
Global
	GlobalSection(SolutionConfigurationPlatforms) = preSolution
		Debug|Any CPU = Debug|Any CPU
		Release|Any CPU = Release|Any CPU
	EndGlobalSection
	GlobalSection(ProjectConfigurationPlatforms) = postSolution
		{A6D22694-1C93-44B6-A467-578008B82EC5}.Debug|Any CPU.ActiveCfg = Debug|Any CPU
		{A6D22694-1C93-44B6-A467-578008B82EC5}.Debug|Any CPU.Build.0 = Debug|Any CPU
		{A6D22694-1C93-44B6-A467-578008B82EC5}.Release|Any CPU.ActiveCfg = Release|Any CPU
		{A6D22694-1C93-44B6-A467-578008B82EC5}.Release|Any CPU.Build.0 = Release|Any CPU
	EndGlobalSection
EndGlobal
