
Microsoft Visual Studio Solution File, Format Version 12.00
Project("{FAE04EC0-301F-11D3-BF4B-00C04F79EFBC}") = "P10Boolean", "P10Boolean.csproj", "{EACD0163-1087-4E97-9CD7-4A1A98D58176}"
EndProject
Global
	GlobalSection(SolutionConfigurationPlatforms) = preSolution
		Debug|Any CPU = Debug|Any CPU
		Release|Any CPU = Release|Any CPU
	EndGlobalSection
	GlobalSection(ProjectConfigurationPlatforms) = postSolution
		{EACD0163-1087-4E97-9CD7-4A1A98D58176}.Debug|Any CPU.ActiveCfg = Debug|Any CPU
		{EACD0163-1087-4E97-9CD7-4A1A98D58176}.Debug|Any CPU.Build.0 = Debug|Any CPU
		{EACD0163-1087-4E97-9CD7-4A1A98D58176}.Release|Any CPU.ActiveCfg = Release|Any CPU
		{EACD0163-1087-4E97-9CD7-4A1A98D58176}.Release|Any CPU.Build.0 = Release|Any CPU
	EndGlobalSection
EndGlobal
